{
  "name": "gpa-sections",
  "version": "1.0.0",
  "lockfileVersion": 1,
  "requires": true,
  "dependencies": {
    "csv-parse": {
      "version": "2.0.4",
      "resolved": "https://registry.npmjs.org/csv-parse/-/csv-parse-2.0.4.tgz",
      "integrity": "sha512-Kg6gTYPQQX4DcwSDFJ1DJupOjWFyzjPFxTqkPP7bVehzRENjTTUx4XuiFwVhUIFt9Z5sShaMm/ebWvcA7U0j7A=="
    },
    "lodash": {
      "version": "4.17.21",
      "resolved": "https://registry.npmjs.org/lodash/-/lodash-4.17.21.tgz",
      "integrity": "sha512-v2kDEe57lecTulaDIuNTPy3Ry4gLGJ6Z1O3vE1krgXZNrsQ+LFTGHVxVjcXPs17LhbZVGedAJv8XZ1tvj5FvSg=="
    }
  }
}
